PODS:
  - Alamofire (5.2.2)
  - AlamofireImage (4.1.0):
    - Alamofire (~> 5.1)
  - SVProgressHUD (2.2.5)

DEPENDENCIES:
  - AlamofireImage
  - SVProgressHUD

SPEC REPOS:
  trunk:
    - Alamofire
    - AlamofireImage
    - SVProgressHUD

SPEC CHECKSUMS:
  Alamofire: 814429acc853c6c54ff123fc3d2ef66803823ce0
  AlamofireImage: c4a2ba349885fb3064feb74d2e547bd42ce9be10
  SVProgressHUD: 1428aafac632c1f86f62aa4243ec12008d7a51d6

PODFILE CHECKSUM: 1f1af3c3f7a15a458a9ef2cd2c321524ec79b090

COCOAPODS: 1.9.3
